// !$*UTF8*$!
{
	archiveVersion = 1;
	classes = {
	};
	objectVersion = 55;
	objects = {

/* Begin PBXBuildFile section */
		7A5F10BC28C2932800F39845 /* EmailedView.swift in Sources */ = {isa = PBXBuildFile; fileRef = 7A5F10BB28C2932800F39845 /* EmailedView.swift */; };
		7A5F10BE28C2955B00F39845 /* SharedView.swift in Sources */ = {isa = PBXBuildFile; fileRef = 7A5F10BD28C2955B00F39845 /* SharedView.swift */; };
		7A5F10C028C2956B00F39845 /* ViewedView.swift in Sources */ = {isa = PBXBuildFile; fileRef = 7A5F10BF28C2956B00F39845 /* ViewedView.swift */; };
		7A5F10C228C2A06A00F39845 /* TabTitle.swift in Sources */ = {isa = PBXBuildFile; fileRef = 7A5F10C128C2A06A00F39845 /* TabTitle.swift */; };
		7A5F10C528C2A34400F39845 /* SavedView.swift in Sources */ = {isa = PBXBuildFile; fileRef = 7A5F10C428C2A34400F39845 /* SavedView.swift */; };
		7A5F10C828C2AF3300F39845 /* RowView.swift in Sources */ = {isa = PBXBuildFile; fileRef = 7A5F10C728C2AF3300F39845 /* RowView.swift */; };
		7A7CE0A128C25AF000EB97F7 /* Best_Articles_AppApp.swift in Sources */ = {isa = PBXBuildFile; fileRef = 7A7CE0A028C25AF000EB97F7 /* Best_Articles_AppApp.swift */; };
		7A7CE0A328C25AF000EB97F7 /* ContentView.swift in Sources */ = {isa = PBXBuildFile; fileRef = 7A7CE0A228C25AF000EB97F7 /* ContentView.swift */; };
		7A7CE0A528C25AF100EB97F7 /* Assets.xcassets in Resources */ = {isa = PBXBuildFile; fileRef = 7A7CE0A428C25AF100EB97F7 /* Assets.xcassets */; };
		7A7CE0A828C25AF100EB97F7 /* Preview Assets.xcassets in Resources */ = {isa = PBXBuildFile; fileRef = 7A7CE0A728C25AF100EB97F7 /* Preview Assets.xcassets */; };
		7A7CE0AA28C25AF100EB97F7 /* Persistence.swift in Sources */ = {isa = PBXBuildFile; fileRef = 7A7CE0A928C25AF100EB97F7 /* Persistence.swift */; };
		7A7CE0AD28C25AF100EB97F7 /* Best_Articles_App.xcdatamodeld in Sources */ = {isa = PBXBuildFile; fileRef = 7A7CE0AB28C25AF100EB97F7 /* Best_Articles_App.xcdatamodeld */; };
		7A7CE0B828C2639D00EB97F7 /* Article.swift in Sources */ = {isa = PBXBuildFile; fileRef = 7A7CE0B728C2639D00EB97F7 /* Article.swift */; };
		7A7CE0BB28C26E4400EB97F7 /* Constants.swift in Sources */ = {isa = PBXBuildFile; fileRef = 7A7CE0BA28C26E4400EB97F7 /* Constants.swift */; };
		7A7CE0BD28C270D800EB97F7 /* ArticleSearch.swift in Sources */ = {isa = PBXBuildFile; fileRef = 7A7CE0BC28C270D800EB97F7 /* ArticleSearch.swift */; };
		7A7CE0BF28C275A000EB97F7 /* ContentModel.swift in Sources */ = {isa = PBXBuildFile; fileRef = 7A7CE0BE28C275A000EB97F7 /* ContentModel.swift */; };
		9891132F34BC6B7A40224223 /* Pods_Best_Articles_App.framework in Frameworks */ = {isa = PBXBuildFile; fileRef = 1A788EC7CD14D013A24D7C79 /* Pods_Best_Articles_App.framework */; };
/* End PBXBuildFile section */

/* Begin PBXFileReference section */
		1A788EC7CD14D013A24D7C79 /* Pods_Best_Articles_App.framework */ = {isa = PBXFileReference; explicitFileType = wrapper.framework; includeInIndex = 0; path = Pods_Best_Articles_App.framework; sourceTree = BUILT_PRODUCTS_DIR; };
		6ED47AADBD573F52B7C8D3FB /* Pods-Best Articles App.debug.xcconfig */ = {isa = PBXFileReference; includeInIndex = 1; lastKnownFileType = text.xcconfig; name = "Pods-Best Articles App.debug.xcconfig"; path = "Target Support Files/Pods-Best Articles App/Pods-Best Articles App.debug.xcconfig"; sourceTree = "<group>"; };
		7A5F10BB28C2932800F39845 /* EmailedView.swift */ = {isa = PBXFileReference; lastKnownFileType = sourcecode.swift; path = EmailedView.swift; sourceTree = "<group>"; };
		7A5F10BD28C2955B00F39845 /* SharedView.swift */ = {isa = PBXFileReference; lastKnownFileType = sourcecode.swift; path = SharedView.swift; sourceTree = "<group>"; };
		7A5F10BF28C2956B00F39845 /* ViewedView.swift */ = {isa = PBXFileReference; lastKnownFileType = sourcecode.swift; path = ViewedView.swift; sourceTree = "<group>"; };
		7A5F10C128C2A06A00F39845 /* TabTitle.swift */ = {isa = PBXFileReference; lastKnownFileType = sourcecode.swift; path = TabTitle.swift; sourceTree = "<group>"; };
		7A5F10C428C2A34400F39845 /* SavedView.swift */ = {isa = PBXFileReference; lastKnownFileType = sourcecode.swift; path = SavedView.swift; sourceTree = "<group>"; };
		7A5F10C728C2AF3300F39845 /* RowView.swift */ = {isa = PBXFileReference; lastKnownFileType = sourcecode.swift; path = RowView.swift; sourceTree = "<group>"; };
		7A7CE09D28C25AF000EB97F7 /* Best Articles App.app */ = {isa = PBXFileReference; explicitFileType = wrapper.application; includeInIndex = 0; path = "Best Articles App.app"; sourceTree = BUILT_PRODUCTS_DIR; };
		7A7CE0A028C25AF000EB97F7 /* Best_Articles_AppApp.swift */ = {isa = PBXFileReference; lastKnownFileType = sourcecode.swift; path = Best_Articles_AppApp.swift; sourceTree = "<group>"; };
		7A7CE0A228C25AF000EB97F7 /* ContentView.swift */ = {isa = PBXFileReference; lastKnownFileType = sourcecode.swift; path = ContentView.swift; sourceTree = "<group>"; };
		7A7CE0A428C25AF100EB97F7 /* Assets.xcassets */ = {isa = PBXFileReference; lastKnownFileType = folder.assetcatalog; path = Assets.xcassets; sourceTree = "<group>"; };
		7A7CE0A728C25AF100EB97F7 /* Preview Assets.xcassets */ = {isa = PBXFileReference; lastKnownFileType = folder.assetcatalog; path = "Preview Assets.xcassets"; sourceTree = "<group>"; };
		7A7CE0A928C25AF100EB97F7 /* Persistence.swift */ = {isa = PBXFileReference; lastKnownFileType = sourcecode.swift; path = Persistence.swift; sourceTree = "<group>"; };
		7A7CE0AC28C25AF100EB97F7 /* Best_Articles_App.xcdatamodel */ = {isa = PBXFileReference; lastKnownFileType = wrapper.xcdatamodel; path = Best_Articles_App.xcdatamodel; sourceTree = "<group>"; };
		7A7CE0B728C2639D00EB97F7 /* Article.swift */ = {isa = PBXFileReference; lastKnownFileType = sourcecode.swift; path = Article.swift; sourceTree = "<group>"; };
		7A7CE0BA28C26E4400EB97F7 /* Constants.swift */ = {isa = PBXFileReference; lastKnownFileType = sourcecode.swift; path = Constants.swift; sourceTree = "<group>"; };
		7A7CE0BC28C270D800EB97F7 /* ArticleSearch.swift */ = {isa = PBXFileReference; lastKnownFileType = sourcecode.swift; path = ArticleSearch.swift; sourceTree = "<group>"; };
		7A7CE0BE28C275A000EB97F7 /* ContentModel.swift */ = {isa = PBXFileReference; lastKnownFileType = sourcecode.swift; path = ContentModel.swift; sourceTree = "<group>"; };
		7A7CE0C028C2807900EB97F7 /* Best-Articles-App-Info.plist */ = {isa = PBXFileReference; lastKnownFileType = text.plist.xml; path = "Best-Articles-App-Info.plist"; sourceTree = SOURCE_ROOT; };
		9DFB40159BD182B5A9EA0232 /* Pods-Best Articles App.release.xcconfig */ = {isa = PBXFileReference; includeInIndex = 1; lastKnownFileType = text.xcconfig; name = "Pods-Best Articles App.release.xcconfig"; path = "Target Support Files/Pods-Best Articles App/Pods-Best Articles App.release.xcconfig"; sourceTree = "<group>"; };
/* End PBXFileReference section */

/* Begin PBXFrameworksBuildPhase section */
		7A7CE09A28C25AF000EB97F7 /* Frameworks */ = {
			isa = PBXFrameworksBuildPhase;
			buildActionMask = 2147483647;
			files = (
				9891132F34BC6B7A40224223 /* Pods_Best_Articles_App.framework in Frameworks */,
			);
			runOnlyForDeploymentPostprocessing = 0;
		};
/* End PBXFrameworksBuildPhase section */

/* Begin PBXGroup section */
		1D74799E4B5EC02E28D84786 /* Frameworks */ = {
			isa = PBXGroup;
			children = (
				1A788EC7CD14D013A24D7C79 /* Pods_Best_Articles_App.framework */,
			);
			name = Frameworks;
			sourceTree = "<group>";
		};
		3BCE1705960F8B89C7FD636E /* Pods */ = {
			isa = PBXGroup;
			children = (
				6ED47AADBD573F52B7C8D3FB /* Pods-Best Articles App.debug.xcconfig */,
				9DFB40159BD182B5A9EA0232 /* Pods-Best Articles App.release.xcconfig */,
			);
			path = Pods;
			sourceTree = "<group>";
		};
		7A5F10BA28C292EC00F39845 /* Tabs */ = {
			isa = PBXGroup;
			children = (
				7A5F10BB28C2932800F39845 /* EmailedView.swift */,
				7A5F10BD28C2955B00F39845 /* SharedView.swift */,
				7A5F10BF28C2956B00F39845 /* ViewedView.swift */,
				7A5F10C428C2A34400F39845 /* SavedView.swift */,
			);
			path = Tabs;
			sourceTree = "<group>";
		};
		7A5F10C328C2A13100F39845 /* Common */ = {
			isa = PBXGroup;
			children = (
				7A5F10C128C2A06A00F39845 /* TabTitle.swift */,
				7A5F10C728C2AF3300F39845 /* RowView.swift */,
			);
			path = Common;
			sourceTree = "<group>";
		};
		7A5F10C628C2A3D700F39845 /* Detail */ = {
			isa = PBXGroup;
			children = (
			);
			path = Detail;
			sourceTree = "<group>";
		};
		7A7CE09428C25AF000EB97F7 = {
			isa = PBXGroup;
			children = (
				7A7CE09F28C25AF000EB97F7 /* Best Articles App */,
				7A7CE0C028C2807900EB97F7 /* Best-Articles-App-Info.plist */,
				7A7CE09E28C25AF000EB97F7 /* Products */,
				3BCE1705960F8B89C7FD636E /* Pods */,
				1D74799E4B5EC02E28D84786 /* Frameworks */,
			);
			sourceTree = "<group>";
		};
		7A7CE09E28C25AF000EB97F7 /* Products */ = {
			isa = PBXGroup;
			children = (
				7A7CE09D28C25AF000EB97F7 /* Best Articles App.app */,
			);
			name = Products;
			sourceTree = "<group>";
		};
		7A7CE09F28C25AF000EB97F7 /* Best Articles App */ = {
			isa = PBXGroup;
			children = (
				7A7CE0A028C25AF000EB97F7 /* Best_Articles_AppApp.swift */,
				7A7CE0B628C2606C00EB97F7 /* Views */,
				7A7CE0B528C2605F00EB97F7 /* ViewModels */,
				7A7CE0B428C2605900EB97F7 /* Models */,
				7A7CE0B328C2605100EB97F7 /* Data */,
				7A7CE0B928C26E2400EB97F7 /* Helpers */,
				7A7CE0A428C25AF100EB97F7 /* Assets.xcassets */,
				7A7CE0A628C25AF100EB97F7 /* Preview Content */,
			);
			path = "Best Articles App";
			sourceTree = "<group>";
		};
		7A7CE0A628C25AF100EB97F7 /* Preview Content */ = {
			isa = PBXGroup;
			children = (
				7A7CE0A728C25AF100EB97F7 /* Preview Assets.xcassets */,
			);
			path = "Preview Content";
			sourceTree = "<group>";
		};
		7A7CE0B328C2605100EB97F7 /* Data */ = {
			isa = PBXGroup;
			children = (
				7A7CE0A928C25AF100EB97F7 /* Persistence.swift */,
				7A7CE0AB28C25AF100EB97F7 /* Best_Articles_App.xcdatamodeld */,
			);
			path = Data;
			sourceTree = "<group>";
		};
		7A7CE0B428C2605900EB97F7 /* Models */ = {
			isa = PBXGroup;
			children = (
				7A7CE0BC28C270D800EB97F7 /* ArticleSearch.swift */,
				7A7CE0B728C2639D00EB97F7 /* Article.swift */,
			);
			path = Models;
			sourceTree = "<group>";
		};
		7A7CE0B528C2605F00EB97F7 /* ViewModels */ = {
			isa = PBXGroup;
			children = (
				7A7CE0BE28C275A000EB97F7 /* ContentModel.swift */,
			);
			path = ViewModels;
			sourceTree = "<group>";
		};
		7A7CE0B628C2606C00EB97F7 /* Views */ = {
			isa = PBXGroup;
			children = (
				7A7CE0A228C25AF000EB97F7 /* ContentView.swift */,
				7A5F10BA28C292EC00F39845 /* Tabs */,
				7A5F10C628C2A3D700F39845 /* Detail */,
				7A5F10C328C2A13100F39845 /* Common */,
			);
			path = Views;
			sourceTree = "<group>";
		};
		7A7CE0B928C26E2400EB97F7 /* Helpers */ = {
			isa = PBXGroup;
			children = (
				7A7CE0BA28C26E4400EB97F7 /* Constants.swift */,
			);
			path = Helpers;
			sourceTree = "<group>";
		};
/* End PBXGroup section */

/* Begin PBXNativeTarget section */
		7A7CE09C28C25AF000EB97F7 /* Best Articles App */ = {
			isa = PBXNativeTarget;
			buildConfigurationList = 7A7CE0B028C25AF100EB97F7 /* Build configuration list for PBXNativeTarget "Best Articles App" */;
			buildPhases = (
				9A9E00A90233D824C5B6CB6D /* [CP] Check Pods Manifest.lock */,
				7A7CE09928C25AF000EB97F7 /* Sources */,
				7A7CE09A28C25AF000EB97F7 /* Frameworks */,
				7A7CE09B28C25AF000EB97F7 /* Resources */,
				3A0AEC491DE8335D7773EDBC /* [CP] Embed Pods Frameworks */,
			);
			buildRules = (
			);
			dependencies = (
			);
			name = "Best Articles App";
			productName = "Best Articles App";
			productReference = 7A7CE09D28C25AF000EB97F7 /* Best Articles App.app */;
			productType = "com.apple.product-type.application";
		};
/* End PBXNativeTarget section */

/* Begin PBXProject section */
		7A7CE09528C25AF000EB97F7 /* Project object */ = {
			isa = PBXProject;
			attributes = {
				BuildIndependentTargetsInParallel = 1;
				LastSwiftUpdateCheck = 1340;
				LastUpgradeCheck = 1340;
				TargetAttributes = {
					7A7CE09C28C25AF000EB97F7 = {
						CreatedOnToolsVersion = 13.4.1;
					};
				};
			};
			buildConfigurationList = 7A7CE09828C25AF000EB97F7 /* Build configuration list for PBXProject "Best Articles App" */;
			compatibilityVersion = "Xcode 13.0";
			developmentRegion = en;
			hasScannedForEncodings = 0;
			knownRegions = (
				en,
				Base,
			);
			mainGroup = 7A7CE09428C25AF000EB97F7;
			productRefGroup = 7A7CE09E28C25AF000EB97F7 /* Products */;
			projectDirPath = "";
			projectRoot = "";
			targets = (
				7A7CE09C28C25AF000EB97F7 /* Best Articles App */,
			);
		};
/* End PBXProject section */

/* Begin PBXResourcesBuildPhase section */
		7A7CE09B28C25AF000EB97F7 /* Resources */ = {
			isa = PBXResourcesBuildPhase;
			buildActionMask = 2147483647;
			files = (
				7A7CE0A828C25AF100EB97F7 /* Preview Assets.xcassets in Resources */,
				7A7CE0A528C25AF100EB97F7 /* Assets.xcassets in Resources */,
			);
			runOnlyForDeploymentPostprocessing = 0;
		};
/* End PBXResourcesBuildPhase section */

/* Begin PBXShellScriptBuildPhase section */
		3A0AEC491DE8335D7773EDBC /* [CP] Embed Pods Frameworks */ = {
			isa = PBXShellScriptBuildPhase;
			buildActionMask = 2147483647;
			files = (
			);
			inputFileListPaths = (
				"${PODS_ROOT}/Target Support Files/Pods-Best Articles App/Pods-Best Articles App-frameworks-${CONFIGURATION}-input-files.xcfilelist",
			);
			name = "[CP] Embed Pods Frameworks";
			outputFileListPaths = (
				"${PODS_ROOT}/Target Support Files/Pods-Best Articles App/Pods-Best Articles App-frameworks-${CONFIGURATION}-output-files.xcfilelist",
			);
			runOnlyForDeploymentPostprocessing = 0;
			shellPath = /bin/sh;
			shellScript = "\"${PODS_ROOT}/Target Support Files/Pods-Best Articles App/Pods-Best Articles App-frameworks.sh\"\n";
			showEnvVarsInLog = 0;
		};
		9A9E00A90233D824C5B6CB6D /* [CP] Check Pods Manifest.lock */ = {
			isa = PBXShellScriptBuildPhase;
			buildActionMask = 2147483647;
			files = (
			);
			inputFileListPaths = (
			);
			inputPaths = (
				"${PODS_PODFILE_DIR_PATH}/Podfile.lock",
				"${PODS_ROOT}/Manifest.lock",
			);
			name = "[CP] Check Pods Manifest.lock";
			outputFileListPaths = (
			);
			outputPaths = (
				"$(DERIVED_FILE_DIR)/Pods-Best Articles App-checkManifestLockResult.txt",
			);
			runOnlyForDeploymentPostprocessing = 0;
			shellPath = /bin/sh;
			shellScript = "diff \"${PODS_PODFILE_DIR_PATH}/Podfile.lock\" \"${PODS_ROOT}/Manifest.lock\" > /dev/null\nif [ $? != 0 ] ; then\n    # print error to STDERR\n    echo \"error: The sandbox is not in sync with the Podfile.lock. Run 'pod install' or update your CocoaPods installation.\" >&2\n    exit 1\nfi\n# This output is used by Xcode 'outputs' to avoid re-running this script phase.\necho \"SUCCESS\" > \"${SCRIPT_OUTPUT_FILE_0}\"\n";
			showEnvVarsInLog = 0;
		};
/* End PBXShellScriptBuildPhase section */

/* Begin PBXSourcesBuildPhase section */
		7A7CE09928C25AF000EB97F7 /* Sources */ = {
			isa = PBXSourcesBuildPhase;
			buildActionMask = 2147483647;
			files = (
				7A5F10BC28C2932800F39845 /* EmailedView.swift in Sources */,
				7A7CE0BD28C270D800EB97F7 /* ArticleSearch.swift in Sources */,
				7A5F10C228C2A06A00F39845 /* TabTitle.swift in Sources */,
				7A7CE0BF28C275A000EB97F7 /* ContentModel.swift in Sources */,
				7A5F10C028C2956B00F39845 /* ViewedView.swift in Sources */,
				7A7CE0AA28C25AF100EB97F7 /* Persistence.swift in Sources */,
				7A5F10C528C2A34400F39845 /* SavedView.swift in Sources */,
				7A7CE0A328C25AF000EB97F7 /* ContentView.swift in Sources */,
				7A5F10BE28C2955B00F39845 /* SharedView.swift in Sources */,
				7A5F10C828C2AF3300F39845 /* RowView.swift in Sources */,
				7A7CE0AD28C25AF100EB97F7 /* Best_Articles_App.xcdatamodeld in Sources */,
				7A7CE0A128C25AF000EB97F7 /* Best_Articles_AppApp.swift in Sources */,
				7A7CE0B828C2639D00EB97F7 /* Article.swift in Sources */,
				7A7CE0BB28C26E4400EB97F7 /* Constants.swift in Sources */,
			);
			runOnlyForDeploymentPostprocessing = 0;
		};
/* End PBXSourcesBuildPhase section */

/* Begin XCBuildConfiguration section */
		7A7CE0AE28C25AF100EB97F7 /* Debug */ = {
			isa = XCBuildConfiguration;
			buildSettings = {
				ALWAYS_SEARCH_USER_PATHS = NO;
				CLANG_ANALYZER_NONNULL = YES;
				CLANG_ANALYZER_NUMBER_OBJECT_CONVERSION = YES_AGGRESSIVE;
				CLANG_CXX_LANGUAGE_STANDARD = "gnu++17";
				CLANG_ENABLE_MODULES = YES;
				CLANG_ENABLE_OBJC_ARC = YES;
				CLANG_ENABLE_OBJC_WEAK = YES;
				CLANG_WARN_BLOCK_CAPTURE_AUTORELEASING = YES;
				CLANG_WARN_BOOL_CONVERSION = YES;
				CLANG_WARN_COMMA = YES;
				CLANG_WARN_CONSTANT_CONVERSION = YES;
				CLANG_WARN_DEPRECATED_OBJC_IMPLEMENTATIONS = YES;
				CLANG_WARN_DIRECT_OBJC_ISA_USAGE = YES_ERROR;
				CLANG_WARN_DOCUMENTATION_COMMENTS = YES;
				CLANG_WARN_EMPTY_BODY = YES;
				CLANG_WARN_ENUM_CONVERSION = YES;
				CLANG_WARN_INFINITE_RECURSION = YES;
				CLANG_WARN_INT_CONVERSION = YES;
				CLANG_WARN_NON_LITERAL_NULL_CONVERSION = YES;
				CLANG_WARN_OBJC_IMPLICIT_RETAIN_SELF = YES;
				CLANG_WARN_OBJC_LITERAL_CONVERSION = YES;
				CLANG_WARN_OBJC_ROOT_CLASS = YES_ERROR;
				CLANG_WARN_QUOTED_INCLUDE_IN_FRAMEWORK_HEADER = YES;
				CLANG_WARN_RANGE_LOOP_ANALYSIS = YES;
				CLANG_WARN_STRICT_PROTOTYPES = YES;
				CLANG_WARN_SUSPICIOUS_MOVE = YES;
				CLANG_WARN_UNGUARDED_AVAILABILITY = YES_AGGRESSIVE;
				CLANG_WARN_UNREACHABLE_CODE = YES;
				CLANG_WARN__DUPLICATE_METHOD_MATCH = YES;
				COPY_PHASE_STRIP = NO;
				DEBUG_INFORMATION_FORMAT = dwarf;
				ENABLE_STRICT_OBJC_MSGSEND = YES;
				ENABLE_TESTABILITY = YES;
				GCC_C_LANGUAGE_STANDARD = gnu11;
				GCC_DYNAMIC_NO_PIC = NO;
				GCC_NO_COMMON_BLOCKS = YES;
				GCC_OPTIMIZATION_LEVEL = 0;
				GCC_PREPROCESSOR_DEFINITIONS = (
					"DEBUG=1",
					"$(inherited)",
				);
				GCC_WARN_64_TO_32_BIT_CONVERSION = YES;
				GCC_WARN_ABOUT_RETURN_TYPE = YES_ERROR;
				GCC_WARN_UNDECLARED_SELECTOR = YES;
				GCC_WARN_UNINITIALIZED_AUTOS = YES_AGGRESSIVE;
				GCC_WARN_UNUSED_FUNCTION = YES;
				GCC_WARN_UNUSED_VARIABLE = YES;
				IPHONEOS_DEPLOYMENT_TARGET = 15.5;
				MTL_ENABLE_DEBUG_INFO = INCLUDE_SOURCE;
				MTL_FAST_MATH = YES;
				ONLY_ACTIVE_ARCH = YES;
				SDKROOT = iphoneos;
				SWIFT_ACTIVE_COMPILATION_CONDITIONS = DEBUG;
				SWIFT_OPTIMIZATION_LEVEL = "-Onone";
			};
			name = Debug;
		};
		7A7CE0AF28C25AF100EB97F7 /* Release */ = {
			isa = XCBuildConfiguration;
			buildSettings = {
				ALWAYS_SEARCH_USER_PATHS = NO;
				CLANG_ANALYZER_NONNULL = YES;
				CLANG_ANALYZER_NUMBER_OBJECT_CONVERSION = YES_AGGRESSIVE;
				CLANG_CXX_LANGUAGE_STANDARD = "gnu++17";
				CLANG_ENABLE_MODULES = YES;
				CLANG_ENABLE_OBJC_ARC = YES;
				CLANG_ENABLE_OBJC_WEAK = YES;
				CLANG_WARN_BLOCK_CAPTURE_AUTORELEASING = YES;
				CLANG_WARN_BOOL_CONVERSION = YES;
				CLANG_WARN_COMMA = YES;
				CLANG_WARN_CONSTANT_CONVERSION = YES;
				CLANG_WARN_DEPRECATED_OBJC_IMPLEMENTATIONS = YES;
				CLANG_WARN_DIRECT_OBJC_ISA_USAGE = YES_ERROR;
				CLANG_WARN_DOCUMENTATION_COMMENTS = YES;
				CLANG_WARN_EMPTY_BODY = YES;
				CLANG_WARN_ENUM_CONVERSION = YES;
				CLANG_WARN_INFINITE_RECURSION = YES;
				CLANG_WARN_INT_CONVERSION = YES;
				CLANG_WARN_NON_LITERAL_NULL_CONVERSION = YES;
				CLANG_WARN_OBJC_IMPLICIT_RETAIN_SELF = YES;
				CLANG_WARN_OBJC_LITERAL_CONVERSION = YES;
				CLANG_WARN_OBJC_ROOT_CLASS = YES_ERROR;
				CLANG_WARN_QUOTED_INCLUDE_IN_FRAMEWORK_HEADER = YES;
				CLANG_WARN_RANGE_LOOP_ANALYSIS = YES;
				CLANG_WARN_STRICT_PROTOTYPES = YES;
				CLANG_WARN_SUSPICIOUS_MOVE = YES;
				CLANG_WARN_UNGUARDED_AVAILABILITY = YES_AGGRESSIVE;
				CLANG_WARN_UNREACHABLE_CODE = YES;
				CLANG_WARN__DUPLICATE_METHOD_MATCH = YES;
				COPY_PHASE_STRIP = NO;
				DEBUG_INFORMATION_FORMAT = "dwarf-with-dsym";
				ENABLE_NS_ASSERTIONS = NO;
				ENABLE_STRICT_OBJC_MSGSEND = YES;
				GCC_C_LANGUAGE_STANDARD = gnu11;
				GCC_NO_COMMON_BLOCKS = YES;
				GCC_WARN_64_TO_32_BIT_CONVERSION = YES;
				GCC_WARN_ABOUT_RETURN_TYPE = YES_ERROR;
				GCC_WARN_UNDECLARED_SELECTOR = YES;
				GCC_WARN_UNINITIALIZED_AUTOS = YES_AGGRESSIVE;
				GCC_WARN_UNUSED_FUNCTION = YES;
				GCC_WARN_UNUSED_VARIABLE = YES;
				IPHONEOS_DEPLOYMENT_TARGET = 15.5;
				MTL_ENABLE_DEBUG_INFO = NO;
				MTL_FAST_MATH = YES;
				SDKROOT = iphoneos;
				SWIFT_COMPILATION_MODE = wholemodule;
				SWIFT_OPTIMIZATION_LEVEL = "-O";
				VALIDATE_PRODUCT = YES;
			};
			name = Release;
		};
		7A7CE0B128C25AF100EB97F7 /* Debug */ = {
			isa = XCBuildConfiguration;
			baseConfigurationReference = 6ED47AADBD573F52B7C8D3FB /* Pods-Best Articles App.debug.xcconfig */;
			buildSettings = {
				ASSETCATALOG_COMPILER_APPICON_NAME = AppIcon;
				ASSETCATALOG_COMPILER_GLOBAL_ACCENT_COLOR_NAME = AccentColor;
				CODE_SIGN_STYLE = Automatic;
				CURRENT_PROJECT_VERSION = 1;
				DEVELOPMENT_ASSET_PATHS = "\"Best Articles App/Preview Content\"";
				DEVELOPMENT_TEAM = 996XZLX926;
				ENABLE_PREVIEWS = YES;
				GENERATE_INFOPLIST_FILE = YES;
				INFOPLIST_FILE = "Best-Articles-App-Info.plist";
				INFOPLIST_KEY_UIApplicationSceneManifest_Generation = YES;
				INFOPLIST_KEY_UIApplicationSupportsIndirectInputEvents = YES;
				INFOPLIST_KEY_UILaunchScreen_Generation = YES;
				INFOPLIST_KEY_UISupportedInterfaceOrientations_iPad = "UIInterfaceOrientationPortrait UIInterfaceOrientationPortraitUpsideDown UIInterfaceOrientationLandscapeLeft UIInterfaceOrientationLandscapeRight";
				LD_RUNPATH_SEARCH_PATHS = (
					"$(inherited)",
					"@executable_path/Frameworks",
				);
				MARKETING_VERSION = 1.0;
				PRODUCT_BUNDLE_IDENTIFIER = "com.BohdanZh.Best-Articles-App";
				PRODUCT_NAME = "$(TARGET_NAME)";
				SWIFT_EMIT_LOC_STRINGS = YES;
				SWIFT_VERSION = 5.0;
				TARGETED_DEVICE_FAMILY = "1,2";
			};
			name = Debug;
		};
		7A7CE0B228C25AF100EB97F7 /* Release */ = {
			isa = XCBuildConfiguration;
			baseConfigurationReference = 9DFB40159BD182B5A9EA0232 /* Pods-Best Articles App.release.xcconfig */;
			buildSettings = {
				ASSETCATALOG_COMPILER_APPICON_NAME = AppIcon;
				ASSETCATALOG_COMPILER_GLOBAL_ACCENT_COLOR_NAME = AccentColor;
				CODE_SIGN_STYLE = Automatic;
				CURRENT_PROJECT_VERSION = 1;
				DEVELOPMENT_ASSET_PATHS = "\"Best Articles App/Preview Content\"";
				DEVELOPMENT_TEAM = 996XZLX926;
				ENABLE_PREVIEWS = YES;
				GENERATE_INFOPLIST_FILE = YES;
				INFOPLIST_FILE = "Best-Articles-App-Info.plist";
				INFOPLIST_KEY_UIApplicationSceneManifest_Generation = YES;
				INFOPLIST_KEY_UIApplicationSupportsIndirectInputEvents = YES;
				INFOPLIST_KEY_UILaunchScreen_Generation = YES;
				INFOPLIST_KEY_UISupportedInterfaceOrientations_iPad = "UIInterfaceOrientationPortrait UIInterfaceOrientationPortraitUpsideDown UIInterfaceOrientationLandscapeLeft UIInterfaceOrientationLandscapeRight";
				LD_RUNPATH_SEARCH_PATHS = (
					"$(inherited)",
					"@executable_path/Frameworks",
				);
				MARKETING_VERSION = 1.0;
				PRODUCT_BUNDLE_IDENTIFIER = "com.BohdanZh.Best-Articles-App";
				PRODUCT_NAME = "$(TARGET_NAME)";
				SWIFT_EMIT_LOC_STRINGS = YES;
				SWIFT_VERSION = 5.0;
				TARGETED_DEVICE_FAMILY = "1,2";
			};
			name = Release;
		};
/* End XCBuildConfiguration section */

/* Begin XCConfigurationList section */
		7A7CE09828C25AF000EB97F7 /* Build configuration list for PBXProject "Best Articles App" */ = {
			isa = XCConfigurationList;
			buildConfigurations = (
				7A7CE0AE28C25AF100EB97F7 /* Debug */,
				7A7CE0AF28C25AF100EB97F7 /* Release */,
			);
			defaultConfigurationIsVisible = 0;
			defaultConfigurationName = Release;
		};
		7A7CE0B028C25AF100EB97F7 /* Build configuration list for PBXNativeTarget "Best Articles App" */ = {
			isa = XCConfigurationList;
			buildConfigurations = (
				7A7CE0B128C25AF100EB97F7 /* Debug */,
				7A7CE0B228C25AF100EB97F7 /* Release */,
			);
			defaultConfigurationIsVisible = 0;
			defaultConfigurationName = Release;
		};
/* End XCConfigurationList section */

/* Begin XCVersionGroup section */
		7A7CE0AB28C25AF100EB97F7 /* Best_Articles_App.xcdatamodeld */ = {
			isa = XCVersionGroup;
			children = (
				7A7CE0AC28C25AF100EB97F7 /* Best_Articles_App.xcdatamodel */,
			);
			currentVersion = 7A7CE0AC28C25AF100EB97F7 /* Best_Articles_App.xcdatamodel */;
			path = Best_Articles_App.xcdatamodeld;
			sourceTree = "<group>";
			versionGroupType = wrapper.xcdatamodel;
		};
/* End XCVersionGroup section */
	};
	rootObject = 7A7CE09528C25AF000EB97F7 /* Project object */;
}
